
Microsoft Visual Studio Solution File, Format Version 12.00
# Visual Studio Version 17
VisualStudioVersion = 17.11.35327.3
MinimumVisualStudioVersion = 10.0.40219.1
Project("{FAE04EC0-301F-11D3-BF4B-00C04F79EFBC}") = "Project1SSD", "Project1SSD\Project1SSD.csproj", "{7C3D1DF8-3901-4981-A932-60F34BA28F15}"
EndProject
Project("{2150E333-8FDC-42A3-9474-1A3956D46DE8}") = "Solution Items", "Solution Items", "{4FD0ECDC-3FE7-4F4D-9AB3-538C7D570C66}"
	ProjectSection(SolutionItems) = preProject
		Project1SSD\Candlestick.cs = Project1SSD\Candlestick.cs
	EndProjectSection
EndProject
Global
	GlobalSection(SolutionConfigurationPlatforms) = preSolution
		Debug|Any CPU = Debug|Any CPU
		Release|Any CPU = Release|Any CPU
	EndGlobalSection
	GlobalSection(ProjectConfigurationPlatforms) = postSolution
		{7C3D1DF8-3901-4981-A932-60F34BA28F15}.Debug|Any CPU.ActiveCfg = Debug|Any CPU
		{7C3D1DF8-3901-4981-A932-60F34BA28F15}.Debug|Any CPU.Build.0 = Debug|Any CPU
		{7C3D1DF8-3901-4981-A932-60F34BA28F15}.Release|Any CPU.ActiveCfg = Release|Any CPU
		{7C3D1DF8-3901-4981-A932-60F34BA28F15}.Release|Any CPU.Build.0 = Release|Any CPU
	EndGlobalSection
	GlobalSection(SolutionProperties) = preSolution
		HideSolutionNode = FALSE
	EndGlobalSection
	GlobalSection(ExtensibilityGlobals) = postSolution
		SolutionGuid = {DE0C6D66-25B8-4DA0-8DA1-30731F2BABB1}
	EndGlobalSection
EndGlobal
